// !$*UTF8*$!
{
	archiveVersion = 1;
	classes = {
	};
	objectVersion = 56;
	objects = {

/* Begin PBXBuildFile section */
		EBF5487F2BC26C8A005DE662 /* PHTrainsApp.swift in Sources */ = {isa = PBXBuildFile; fileRef = EBF5487E2BC26C8A005DE662 /* PHTrainsApp.swift */; };
		EBF548812BC26C8A005DE662 /* MainTabView.swift in Sources */ = {isa = PBXBuildFile; fileRef = EBF548802BC26C8A005DE662 /* MainTabView.swift */; };
		EBF548832BC26C8B005DE662 /* Assets.xcassets in Resources */ = {isa = PBXBuildFile; fileRef = EBF548822BC26C8B005DE662 /* Assets.xcassets */; };
		EBF548872BC26C8B005DE662 /* Preview Assets.xcassets in Resources */ = {isa = PBXBuildFile; fileRef = EBF548862BC26C8B005DE662 /* Preview Assets.xcassets */; };
		EBF548912BC26C8C005DE662 /* PHTrainsTests.swift in Sources */ = {isa = PBXBuildFile; fileRef = EBF548902BC26C8C005DE662 /* PHTrainsTests.swift */; };
		EBF5489B2BC26C8C005DE662 /* PHTrainsUITests.swift in Sources */ = {isa = PBXBuildFile; fileRef = EBF5489A2BC26C8C005DE662 /* PHTrainsUITests.swift */; };
		EBF5489D2BC26C8C005DE662 /* PHTrainsUITestsLaunchTests.swift in Sources */ = {isa = PBXBuildFile; fileRef = EBF5489C2BC26C8C005DE662 /* PHTrainsUITestsLaunchTests.swift */; };
		EBF548AA2BC26D80005DE662 /* Station.swift in Sources */ = {isa = PBXBuildFile; fileRef = EBF548A92BC26D80005DE662 /* Station.swift */; };
		EBF548AC2BC26D93005DE662 /* StationTests.swift in Sources */ = {isa = PBXBuildFile; fileRef = EBF548AB2BC26D93005DE662 /* StationTests.swift */; };
		EBF548AE2BC27EF2005DE662 /* MainTabViewTests.swift in Sources */ = {isa = PBXBuildFile; fileRef = EBF548AD2BC27EF2005DE662 /* MainTabViewTests.swift */; };
/* End PBXBuildFile section */

/* Begin PBXContainerItemProxy section */
		EBF5488D2BC26C8C005DE662 /* PBXContainerItemProxy */ = {
			isa = PBXContainerItemProxy;
			containerPortal = EBF548732BC26C8A005DE662 /* Project object */;
			proxyType = 1;
			remoteGlobalIDString = EBF5487A2BC26C8A005DE662;
			remoteInfo = PHTrains;
		};
		EBF548972BC26C8C005DE662 /* PBXContainerItemProxy */ = {
			isa = PBXContainerItemProxy;
			containerPortal = EBF548732BC26C8A005DE662 /* Project object */;
			proxyType = 1;
			remoteGlobalIDString = EBF5487A2BC26C8A005DE662;
			remoteInfo = PHTrains;
		};
/* End PBXContainerItemProxy section */

/* Begin PBXFileReference section */
		EBF5487B2BC26C8A005DE662 /* PHTrains.app */ = {isa = PBXFileReference; explicitFileType = wrapper.application; includeInIndex = 0; path = PHTrains.app; sourceTree = BUILT_PRODUCTS_DIR; };
		EBF5487E2BC26C8A005DE662 /* PHTrainsApp.swift */ = {isa = PBXFileReference; lastKnownFileType = sourcecode.swift; path = PHTrainsApp.swift; sourceTree = "<group>"; };
		EBF548802BC26C8A005DE662 /* MainTabView.swift */ = {isa = PBXFileReference; lastKnownFileType = sourcecode.swift; path = MainTabView.swift; sourceTree = "<group>"; };
		EBF548822BC26C8B005DE662 /* Assets.xcassets */ = {isa = PBXFileReference; lastKnownFileType = folder.assetcatalog; path = Assets.xcassets; sourceTree = "<group>"; };
		EBF548842BC26C8B005DE662 /* PHTrains.entitlements */ = {isa = PBXFileReference; lastKnownFileType = text.plist.entitlements; path = PHTrains.entitlements; sourceTree = "<group>"; };
		EBF548862BC26C8B005DE662 /* Preview Assets.xcassets */ = {isa = PBXFileReference; lastKnownFileType = folder.assetcatalog; path = "Preview Assets.xcassets"; sourceTree = "<group>"; };
		EBF5488C2BC26C8C005DE662 /* PHTrainsTests.xctest */ = {isa = PBXFileReference; explicitFileType = wrapper.cfbundle; includeInIndex = 0; path = PHTrainsTests.xctest; sourceTree = BUILT_PRODUCTS_DIR; };
		EBF548902BC26C8C005DE662 /* PHTrainsTests.swift */ = {isa = PBXFileReference; lastKnownFileType = sourcecode.swift; path = PHTrainsTests.swift; sourceTree = "<group>"; };
		EBF548962BC26C8C005DE662 /* PHTrainsUITests.xctest */ = {isa = PBXFileReference; explicitFileType = wrapper.cfbundle; includeInIndex = 0; path = PHTrainsUITests.xctest; sourceTree = BUILT_PRODUCTS_DIR; };
		EBF5489A2BC26C8C005DE662 /* PHTrainsUITests.swift */ = {isa = PBXFileReference; lastKnownFileType = sourcecode.swift; path = PHTrainsUITests.swift; sourceTree = "<group>"; };
		EBF5489C2BC26C8C005DE662 /* PHTrainsUITestsLaunchTests.swift */ = {isa = PBXFileReference; lastKnownFileType = sourcecode.swift; path = PHTrainsUITestsLaunchTests.swift; sourceTree = "<group>"; };
		EBF548A92BC26D80005DE662 /* Station.swift */ = {isa = PBXFileReference; lastKnownFileType = sourcecode.swift; path = Station.swift; sourceTree = "<group>"; };
		EBF548AB2BC26D93005DE662 /* StationTests.swift */ = {isa = PBXFileReference; lastKnownFileType = sourcecode.swift; path = StationTests.swift; sourceTree = "<group>"; };
		EBF548AD2BC27EF2005DE662 /* MainTabViewTests.swift */ = {isa = PBXFileReference; lastKnownFileType = sourcecode.swift; path = MainTabViewTests.swift; sourceTree = "<group>"; };
/* End PBXFileReference section */

/* Begin PBXFrameworksBuildPhase section */
		EBF548782BC26C8A005DE662 /* Frameworks */ = {
			isa = PBXFrameworksBuildPhase;
			buildActionMask = 2147483647;
			files = (
			);
			runOnlyForDeploymentPostprocessing = 0;
		};
		EBF548892BC26C8C005DE662 /* Frameworks */ = {
			isa = PBXFrameworksBuildPhase;
			buildActionMask = 2147483647;
			files = (
			);
			runOnlyForDeploymentPostprocessing = 0;
		};
		EBF548932BC26C8C005DE662 /* Frameworks */ = {
			isa = PBXFrameworksBuildPhase;
			buildActionMask = 2147483647;
			files = (
			);
			runOnlyForDeploymentPostprocessing = 0;
		};
/* End PBXFrameworksBuildPhase section */

/* Begin PBXGroup section */
		EBF548722BC26C8A005DE662 = {
			isa = PBXGroup;
			children = (
				EBF5487D2BC26C8A005DE662 /* PHTrains */,
				EBF5488F2BC26C8C005DE662 /* PHTrainsTests */,
				EBF548992BC26C8C005DE662 /* PHTrainsUITests */,
				EBF5487C2BC26C8A005DE662 /* Products */,
			);
			sourceTree = "<group>";
		};
		EBF5487C2BC26C8A005DE662 /* Products */ = {
			isa = PBXGroup;
			children = (
				EBF5487B2BC26C8A005DE662 /* PHTrains.app */,
				EBF5488C2BC26C8C005DE662 /* PHTrainsTests.xctest */,
				EBF548962BC26C8C005DE662 /* PHTrainsUITests.xctest */,
			);
			name = Products;
			sourceTree = "<group>";
		};
		EBF5487D2BC26C8A005DE662 /* PHTrains */ = {
			isa = PBXGroup;
			children = (
				EBF5487E2BC26C8A005DE662 /* PHTrainsApp.swift */,
				EBF548802BC26C8A005DE662 /* MainTabView.swift */,
				EBF548822BC26C8B005DE662 /* Assets.xcassets */,
				EBF548842BC26C8B005DE662 /* PHTrains.entitlements */,
				EBF548852BC26C8B005DE662 /* Preview Content */,
				EBF548A92BC26D80005DE662 /* Station.swift */,
			);
			path = PHTrains;
			sourceTree = "<group>";
		};
		EBF548852BC26C8B005DE662 /* Preview Content */ = {
			isa = PBXGroup;
			children = (
				EBF548862BC26C8B005DE662 /* Preview Assets.xcassets */,
			);
			path = "Preview Content";
			sourceTree = "<group>";
		};
		EBF5488F2BC26C8C005DE662 /* PHTrainsTests */ = {
			isa = PBXGroup;
			children = (
				EBF548902BC26C8C005DE662 /* PHTrainsTests.swift */,
				EBF548AB2BC26D93005DE662 /* StationTests.swift */,
				EBF548AD2BC27EF2005DE662 /* MainTabViewTests.swift */,
			);
			path = PHTrainsTests;
			sourceTree = "<group>";
		};
		EBF548992BC26C8C005DE662 /* PHTrainsUITests */ = {
			isa = PBXGroup;
			children = (
				EBF5489A2BC26C8C005DE662 /* PHTrainsUITests.swift */,
				EBF5489C2BC26C8C005DE662 /* PHTrainsUITestsLaunchTests.swift */,
			);
			path = PHTrainsUITests;
			sourceTree = "<group>";
		};
/* End PBXGroup section */

/* Begin PBXNativeTarget section */
		EBF5487A2BC26C8A005DE662 /* PHTrains */ = {
			isa = PBXNativeTarget;
			buildConfigurationList = EBF548A02BC26C8C005DE662 /* Build configuration list for PBXNativeTarget "PHTrains" */;
			buildPhases = (
				EBF548772BC26C8A005DE662 /* Sources */,
				EBF548782BC26C8A005DE662 /* Frameworks */,
				EBF548792BC26C8A005DE662 /* Resources */,
			);
			buildRules = (
			);
			dependencies = (
			);
			name = PHTrains;
			productName = PHTrains;
			productReference = EBF5487B2BC26C8A005DE662 /* PHTrains.app */;
			productType = "com.apple.product-type.application";
		};
		EBF5488B2BC26C8C005DE662 /* PHTrainsTests */ = {
			isa = PBXNativeTarget;
			buildConfigurationList = EBF548A32BC26C8C005DE662 /* Build configuration list for PBXNativeTarget "PHTrainsTests" */;
			buildPhases = (
				EBF548882BC26C8C005DE662 /* Sources */,
				EBF548892BC26C8C005DE662 /* Frameworks */,
				EBF5488A2BC26C8C005DE662 /* Resources */,
			);
			buildRules = (
			);
			dependencies = (
				EBF5488E2BC26C8C005DE662 /* PBXTargetDependency */,
			);
			name = PHTrainsTests;
			productName = PHTrainsTests;
			productReference = EBF5488C2BC26C8C005DE662 /* PHTrainsTests.xctest */;
			productType = "com.apple.product-type.bundle.unit-test";
		};
		EBF548952BC26C8C005DE662 /* PHTrainsUITests */ = {
			isa = PBXNativeTarget;
			buildConfigurationList = EBF548A62BC26C8C005DE662 /* Build configuration list for PBXNativeTarget "PHTrainsUITests" */;
			buildPhases = (
				EBF548922BC26C8C005DE662 /* Sources */,
				EBF548932BC26C8C005DE662 /* Frameworks */,
				EBF548942BC26C8C005DE662 /* Resources */,
			);
			buildRules = (
			);
			dependencies = (
				EBF548982BC26C8C005DE662 /* PBXTargetDependency */,
			);
			name = PHTrainsUITests;
			productName = PHTrainsUITests;
			productReference = EBF548962BC26C8C005DE662 /* PHTrainsUITests.xctest */;
			productType = "com.apple.product-type.bundle.ui-testing";
		};
/* End PBXNativeTarget section */

/* Begin PBXProject section */
		EBF548732BC26C8A005DE662 /* Project object */ = {
			isa = PBXProject;
			attributes = {
				BuildIndependentTargetsInParallel = 1;
				LastSwiftUpdateCheck = 1530;
				LastUpgradeCheck = 1530;
				TargetAttributes = {
					EBF5487A2BC26C8A005DE662 = {
						CreatedOnToolsVersion = 15.3;
					};
					EBF5488B2BC26C8C005DE662 = {
						CreatedOnToolsVersion = 15.3;
						TestTargetID = EBF5487A2BC26C8A005DE662;
					};
					EBF548952BC26C8C005DE662 = {
						CreatedOnToolsVersion = 15.3;
						TestTargetID = EBF5487A2BC26C8A005DE662;
					};
				};
			};
			buildConfigurationList = EBF548762BC26C8A005DE662 /* Build configuration list for PBXProject "PHTrains" */;
			compatibilityVersion = "Xcode 14.0";
			developmentRegion = en;
			hasScannedForEncodings = 0;
			knownRegions = (
				en,
				Base,
			);
			mainGroup = EBF548722BC26C8A005DE662;
			productRefGroup = EBF5487C2BC26C8A005DE662 /* Products */;
			projectDirPath = "";
			projectRoot = "";
			targets = (
				EBF5487A2BC26C8A005DE662 /* PHTrains */,
				EBF5488B2BC26C8C005DE662 /* PHTrainsTests */,
				EBF548952BC26C8C005DE662 /* PHTrainsUITests */,
			);
		};
/* End PBXProject section */

/* Begin PBXResourcesBuildPhase section */
		EBF548792BC26C8A005DE662 /* Resources */ = {
			isa = PBXResourcesBuildPhase;
			buildActionMask = 2147483647;
			files = (
				EBF548872BC26C8B005DE662 /* Preview Assets.xcassets in Resources */,
				EBF548832BC26C8B005DE662 /* Assets.xcassets in Resources */,
			);
			runOnlyForDeploymentPostprocessing = 0;
		};
		EBF5488A2BC26C8C005DE662 /* Resources */ = {
			isa = PBXResourcesBuildPhase;
			buildActionMask = 2147483647;
			files = (
			);
			runOnlyForDeploymentPostprocessing = 0;
		};
		EBF548942BC26C8C005DE662 /* Resources */ = {
			isa = PBXResourcesBuildPhase;
			buildActionMask = 2147483647;
			files = (
			);
			runOnlyForDeploymentPostprocessing = 0;
		};
/* End PBXResourcesBuildPhase section */

/* Begin PBXSourcesBuildPhase section */
		EBF548772BC26C8A005DE662 /* Sources */ = {
			isa = PBXSourcesBuildPhase;
			buildActionMask = 2147483647;
			files = (
				EBF548812BC26C8A005DE662 /* MainTabView.swift in Sources */,
				EBF548AA2BC26D80005DE662 /* Station.swift in Sources */,
				EBF5487F2BC26C8A005DE662 /* PHTrainsApp.swift in Sources */,
			);
			runOnlyForDeploymentPostprocessing = 0;
		};
		EBF548882BC26C8C005DE662 /* Sources */ = {
			isa = PBXSourcesBuildPhase;
			buildActionMask = 2147483647;
			files = (
				EBF548AC2BC26D93005DE662 /* StationTests.swift in Sources */,
				EBF548AE2BC27EF2005DE662 /* MainTabViewTests.swift in Sources */,
				EBF548912BC26C8C005DE662 /* PHTrainsTests.swift in Sources */,
			);
			runOnlyForDeploymentPostprocessing = 0;
		};
		EBF548922BC26C8C005DE662 /* Sources */ = {
			isa = PBXSourcesBuildPhase;
			buildActionMask = 2147483647;
			files = (
				EBF5489D2BC26C8C005DE662 /* PHTrainsUITestsLaunchTests.swift in Sources */,
				EBF5489B2BC26C8C005DE662 /* PHTrainsUITests.swift in Sources */,
			);
			runOnlyForDeploymentPostprocessing = 0;
		};
/* End PBXSourcesBuildPhase section */

/* Begin PBXTargetDependency section */
		EBF5488E2BC26C8C005DE662 /* PBXTargetDependency */ = {
			isa = PBXTargetDependency;
			target = EBF5487A2BC26C8A005DE662 /* PHTrains */;
			targetProxy = EBF5488D2BC26C8C005DE662 /* PBXContainerItemProxy */;
		};
		EBF548982BC26C8C005DE662 /* PBXTargetDependency */ = {
			isa = PBXTargetDependency;
			target = EBF5487A2BC26C8A005DE662 /* PHTrains */;
			targetProxy = EBF548972BC26C8C005DE662 /* PBXContainerItemProxy */;
		};
/* End PBXTargetDependency section */

/* Begin XCBuildConfiguration section */
		EBF5489E2BC26C8C005DE662 /* Debug */ = {
			isa = XCBuildConfiguration;
			buildSettings = {
				ALWAYS_SEARCH_USER_PATHS = NO;
				ASSETCATALOG_COMPILER_GENERATE_SWIFT_ASSET_SYMBOL_EXTENSIONS = YES;
				CLANG_ANALYZER_NONNULL = YES;
				CLANG_ANALYZER_NUMBER_OBJECT_CONVERSION = YES_AGGRESSIVE;
				CLANG_CXX_LANGUAGE_STANDARD = "gnu++20";
				CLANG_ENABLE_MODULES = YES;
				CLANG_ENABLE_OBJC_ARC = YES;
				CLANG_ENABLE_OBJC_WEAK = YES;
				CLANG_WARN_BLOCK_CAPTURE_AUTORELEASING = YES;
				CLANG_WARN_BOOL_CONVERSION = YES;
				CLANG_WARN_COMMA = YES;
				CLANG_WARN_CONSTANT_CONVERSION = YES;
				CLANG_WARN_DEPRECATED_OBJC_IMPLEMENTATIONS = YES;
				CLANG_WARN_DIRECT_OBJC_ISA_USAGE = YES_ERROR;
				CLANG_WARN_DOCUMENTATION_COMMENTS = YES;
				CLANG_WARN_EMPTY_BODY = YES;
				CLANG_WARN_ENUM_CONVERSION = YES;
				CLANG_WARN_INFINITE_RECURSION = YES;
				CLANG_WARN_INT_CONVERSION = YES;
				CLANG_WARN_NON_LITERAL_NULL_CONVERSION = YES;
				CLANG_WARN_OBJC_IMPLICIT_RETAIN_SELF = YES;
				CLANG_WARN_OBJC_LITERAL_CONVERSION = YES;
				CLANG_WARN_OBJC_ROOT_CLASS = YES_ERROR;
				CLANG_WARN_QUOTED_INCLUDE_IN_FRAMEWORK_HEADER = YES;
				CLANG_WARN_RANGE_LOOP_ANALYSIS = YES;
				CLANG_WARN_STRICT_PROTOTYPES = YES;
				CLANG_WARN_SUSPICIOUS_MOVE = YES;
				CLANG_WARN_UNGUARDED_AVAILABILITY = YES_AGGRESSIVE;
				CLANG_WARN_UNREACHABLE_CODE = YES;
				CLANG_WARN__DUPLICATE_METHOD_MATCH = YES;
				COPY_PHASE_STRIP = NO;
				DEBUG_INFORMATION_FORMAT = dwarf;
				ENABLE_STRICT_OBJC_MSGSEND = YES;
				ENABLE_TESTABILITY = YES;
				ENABLE_USER_SCRIPT_SANDBOXING = YES;
				GCC_C_LANGUAGE_STANDARD = gnu17;
				GCC_DYNAMIC_NO_PIC = NO;
				GCC_NO_COMMON_BLOCKS = YES;
				GCC_OPTIMIZATION_LEVEL = 0;
				GCC_PREPROCESSOR_DEFINITIONS = (
					"DEBUG=1",
					"$(inherited)",
				);
				GCC_WARN_64_TO_32_BIT_CONVERSION = YES;
				GCC_WARN_ABOUT_RETURN_TYPE = YES_ERROR;
				GCC_WARN_UNDECLARED_SELECTOR = YES;
				GCC_WARN_UNINITIALIZED_AUTOS = YES_AGGRESSIVE;
				GCC_WARN_UNUSED_FUNCTION = YES;
				GCC_WARN_UNUSED_VARIABLE = YES;
				LOCALIZATION_PREFERS_STRING_CATALOGS = YES;
				MTL_ENABLE_DEBUG_INFO = INCLUDE_SOURCE;
				MTL_FAST_MATH = YES;
				ONLY_ACTIVE_ARCH = YES;
				SWIFT_ACTIVE_COMPILATION_CONDITIONS = "DEBUG $(inherited)";
				SWIFT_OPTIMIZATION_LEVEL = "-Onone";
			};
			name = Debug;
		};
		EBF5489F2BC26C8C005DE662 /* Release */ = {
			isa = XCBuildConfiguration;
			buildSettings = {
				ALWAYS_SEARCH_USER_PATHS = NO;
				ASSETCATALOG_COMPILER_GENERATE_SWIFT_ASSET_SYMBOL_EXTENSIONS = YES;
				CLANG_ANALYZER_NONNULL = YES;
				CLANG_ANALYZER_NUMBER_OBJECT_CONVERSION = YES_AGGRESSIVE;
				CLANG_CXX_LANGUAGE_STANDARD = "gnu++20";
				CLANG_ENABLE_MODULES = YES;
				CLANG_ENABLE_OBJC_ARC = YES;
				CLANG_ENABLE_OBJC_WEAK = YES;
				CLANG_WARN_BLOCK_CAPTURE_AUTORELEASING = YES;
				CLANG_WARN_BOOL_CONVERSION = YES;
				CLANG_WARN_COMMA = YES;
				CLANG_WARN_CONSTANT_CONVERSION = YES;
				CLANG_WARN_DEPRECATED_OBJC_IMPLEMENTATIONS = YES;
				CLANG_WARN_DIRECT_OBJC_ISA_USAGE = YES_ERROR;
				CLANG_WARN_DOCUMENTATION_COMMENTS = YES;
				CLANG_WARN_EMPTY_BODY = YES;
				CLANG_WARN_ENUM_CONVERSION = YES;
				CLANG_WARN_INFINITE_RECURSION = YES;
				CLANG_WARN_INT_CONVERSION = YES;
				CLANG_WARN_NON_LITERAL_NULL_CONVERSION = YES;
				CLANG_WARN_OBJC_IMPLICIT_RETAIN_SELF = YES;
				CLANG_WARN_OBJC_LITERAL_CONVERSION = YES;
				CLANG_WARN_OBJC_ROOT_CLASS = YES_ERROR;
				CLANG_WARN_QUOTED_INCLUDE_IN_FRAMEWORK_HEADER = YES;
				CLANG_WARN_RANGE_LOOP_ANALYSIS = YES;
				CLANG_WARN_STRICT_PROTOTYPES = YES;
				CLANG_WARN_SUSPICIOUS_MOVE = YES;
				CLANG_WARN_UNGUARDED_AVAILABILITY = YES_AGGRESSIVE;
				CLANG_WARN_UNREACHABLE_CODE = YES;
				CLANG_WARN__DUPLICATE_METHOD_MATCH = YES;
				COPY_PHASE_STRIP = NO;
				DEBUG_INFORMATION_FORMAT = "dwarf-with-dsym";
				ENABLE_NS_ASSERTIONS = NO;
				ENABLE_STRICT_OBJC_MSGSEND = YES;
				ENABLE_USER_SCRIPT_SANDBOXING = YES;
				GCC_C_LANGUAGE_STANDARD = gnu17;
				GCC_NO_COMMON_BLOCKS = YES;
				GCC_WARN_64_TO_32_BIT_CONVERSION = YES;
				GCC_WARN_ABOUT_RETURN_TYPE = YES_ERROR;
				GCC_WARN_UNDECLARED_SELECTOR = YES;
				GCC_WARN_UNINITIALIZED_AUTOS = YES_AGGRESSIVE;
				GCC_WARN_UNUSED_FUNCTION = YES;
				GCC_WARN_UNUSED_VARIABLE = YES;
				LOCALIZATION_PREFERS_STRING_CATALOGS = YES;
				MTL_ENABLE_DEBUG_INFO = NO;
				MTL_FAST_MATH = YES;
				SWIFT_COMPILATION_MODE = wholemodule;
			};
			name = Release;
		};
		EBF548A12BC26C8C005DE662 /* Debug */ = {
			isa = XCBuildConfiguration;
			buildSettings = {
				ASSETCATALOG_COMPILER_APPICON_NAME = AppIcon;
				ASSETCATALOG_COMPILER_GLOBAL_ACCENT_COLOR_NAME = AccentColor;
				CODE_SIGN_ENTITLEMENTS = PHTrains/PHTrains.entitlements;
				CODE_SIGN_STYLE = Automatic;
				CURRENT_PROJECT_VERSION = 1;
				DEVELOPMENT_ASSET_PATHS = "\"PHTrains/Preview Content\"";
				DEVELOPMENT_TEAM = Z5GZDZZ4KP;
				ENABLE_HARDENED_RUNTIME = YES;
				ENABLE_PREVIEWS = YES;
				GENERATE_INFOPLIST_FILE = YES;
				"INFOPLIST_KEY_UIApplicationSceneManifest_Generation[sdk=iphoneos*]" = YES;
				"INFOPLIST_KEY_UIApplicationSceneManifest_Generation[sdk=iphonesimulator*]" = YES;
				"INFOPLIST_KEY_UIApplicationSupportsIndirectInputEvents[sdk=iphoneos*]" = YES;
				"INFOPLIST_KEY_UIApplicationSupportsIndirectInputEvents[sdk=iphonesimulator*]" = YES;
				"INFOPLIST_KEY_UILaunchScreen_Generation[sdk=iphoneos*]" = YES;
				"INFOPLIST_KEY_UILaunchScreen_Generation[sdk=iphonesimulator*]" = YES;
				"INFOPLIST_KEY_UIStatusBarStyle[sdk=iphoneos*]" = UIStatusBarStyleDefault;
				"INFOPLIST_KEY_UIStatusBarStyle[sdk=iphonesimulator*]" = UIStatusBarStyleDefault;
				INFOPLIST_KEY_UISupportedInterfaceOrientations_iPad = "UIInterfaceOrientationPortrait UIInterfaceOrientationPortraitUpsideDown UIInterfaceOrientationLandscapeLeft UIInterfaceOrientationLandscapeRight";
				INFOPLIST_KEY_UISupportedInterfaceOrientations_iPhone = "UIInterfaceOrientationPortrait UIInterfaceOrientationLandscapeLeft UIInterfaceOrientationLandscapeRight";
				IPHONEOS_DEPLOYMENT_TARGET = 15.3;
				LD_RUNPATH_SEARCH_PATHS = "@executable_path/Frameworks";
				"LD_RUNPATH_SEARCH_PATHS[sdk=macosx*]" = "@executable_path/../Frameworks";
				MACOSX_DEPLOYMENT_TARGET = 14.3;
				MARKETING_VERSION = 1.0;
				PRODUCT_BUNDLE_IDENTIFIER = com.johnphilliplee.PHTrains;
				PRODUCT_NAME = "$(TARGET_NAME)";
				SDKROOT = auto;
				SUPPORTED_PLATFORMS = "iphoneos iphonesimulator";
				SUPPORTS_MACCATALYST = NO;
				SWIFT_EMIT_LOC_STRINGS = YES;
				SWIFT_VERSION = 5.0;
				TARGETED_DEVICE_FAMILY = 1;
			};
			name = Debug;
		};
		EBF548A22BC26C8C005DE662 /* Release */ = {
			isa = XCBuildConfiguration;
			buildSettings = {
				ASSETCATALOG_COMPILER_APPICON_NAME = AppIcon;
				ASSETCATALOG_COMPILER_GLOBAL_ACCENT_COLOR_NAME = AccentColor;
				CODE_SIGN_ENTITLEMENTS = PHTrains/PHTrains.entitlements;
				CODE_SIGN_STYLE = Automatic;
				CURRENT_PROJECT_VERSION = 1;
				DEVELOPMENT_ASSET_PATHS = "\"PHTrains/Preview Content\"";
				DEVELOPMENT_TEAM = Z5GZDZZ4KP;
				ENABLE_HARDENED_RUNTIME = YES;
				ENABLE_PREVIEWS = YES;
				GENERATE_INFOPLIST_FILE = YES;
				"INFOPLIST_KEY_UIApplicationSceneManifest_Generation[sdk=iphoneos*]" = YES;
				"INFOPLIST_KEY_UIApplicationSceneManifest_Generation[sdk=iphonesimulator*]" = YES;
				"INFOPLIST_KEY_UIApplicationSupportsIndirectInputEvents[sdk=iphoneos*]" = YES;
				"INFOPLIST_KEY_UIApplicationSupportsIndirectInputEvents[sdk=iphonesimulator*]" = YES;
				"INFOPLIST_KEY_UILaunchScreen_Generation[sdk=iphoneos*]" = YES;
				"INFOPLIST_KEY_UILaunchScreen_Generation[sdk=iphonesimulator*]" = YES;
				"INFOPLIST_KEY_UIStatusBarStyle[sdk=iphoneos*]" = UIStatusBarStyleDefault;
				"INFOPLIST_KEY_UIStatusBarStyle[sdk=iphonesimulator*]" = UIStatusBarStyleDefault;
				INFOPLIST_KEY_UISupportedInterfaceOrientations_iPad = "UIInterfaceOrientationPortrait UIInterfaceOrientationPortraitUpsideDown UIInterfaceOrientationLandscapeLeft UIInterfaceOrientationLandscapeRight";
				INFOPLIST_KEY_UISupportedInterfaceOrientations_iPhone = "UIInterfaceOrientationPortrait UIInterfaceOrientationLandscapeLeft UIInterfaceOrientationLandscapeRight";
				IPHONEOS_DEPLOYMENT_TARGET = 15.3;
				LD_RUNPATH_SEARCH_PATHS = "@executable_path/Frameworks";
				"LD_RUNPATH_SEARCH_PATHS[sdk=macosx*]" = "@executable_path/../Frameworks";
				MACOSX_DEPLOYMENT_TARGET = 14.3;
				MARKETING_VERSION = 1.0;
				PRODUCT_BUNDLE_IDENTIFIER = com.johnphilliplee.PHTrains;
				PRODUCT_NAME = "$(TARGET_NAME)";
				SDKROOT = auto;
				SUPPORTED_PLATFORMS = "iphoneos iphonesimulator";
				SUPPORTS_MACCATALYST = NO;
				SWIFT_EMIT_LOC_STRINGS = YES;
				SWIFT_VERSION = 5.0;
				TARGETED_DEVICE_FAMILY = 1;
			};
			name = Release;
		};
		EBF548A42BC26C8C005DE662 /* Debug */ = {
			isa = XCBuildConfiguration;
			buildSettings = {
				ALWAYS_EMBED_SWIFT_STANDARD_LIBRARIES = YES;
				BUNDLE_LOADER = "$(TEST_HOST)";
				CODE_SIGN_STYLE = Automatic;
				CURRENT_PROJECT_VERSION = 1;
				DEVELOPMENT_TEAM = Z5GZDZZ4KP;
				GENERATE_INFOPLIST_FILE = YES;
				IPHONEOS_DEPLOYMENT_TARGET = 15.3;
				MACOSX_DEPLOYMENT_TARGET = 14.3;
				MARKETING_VERSION = 1.0;
				PRODUCT_BUNDLE_IDENTIFIER = com.johnphilliplee.PHTrainsTests;
				PRODUCT_NAME = "$(TARGET_NAME)";
				SDKROOT = auto;
				SUPPORTED_PLATFORMS = "iphoneos iphonesimulator";
				SUPPORTS_MACCATALYST = NO;
				SWIFT_EMIT_LOC_STRINGS = NO;
				SWIFT_VERSION = 5.0;
				TARGETED_DEVICE_FAMILY = 1;
				TEST_HOST = "$(BUILT_PRODUCTS_DIR)/PHTrains.app/$(BUNDLE_EXECUTABLE_FOLDER_PATH)/PHTrains";
			};
			name = Debug;
		};
		EBF548A52BC26C8C005DE662 /* Release */ = {
			isa = XCBuildConfiguration;
			buildSettings = {
				ALWAYS_EMBED_SWIFT_STANDARD_LIBRARIES = YES;
				BUNDLE_LOADER = "$(TEST_HOST)";
				CODE_SIGN_STYLE = Automatic;
				CURRENT_PROJECT_VERSION = 1;
				DEVELOPMENT_TEAM = Z5GZDZZ4KP;
				GENERATE_INFOPLIST_FILE = YES;
				IPHONEOS_DEPLOYMENT_TARGET = 15.3;
				MACOSX_DEPLOYMENT_TARGET = 14.3;
				MARKETING_VERSION = 1.0;
				PRODUCT_BUNDLE_IDENTIFIER = com.johnphilliplee.PHTrainsTests;
				PRODUCT_NAME = "$(TARGET_NAME)";
				SDKROOT = auto;
				SUPPORTED_PLATFORMS = "iphoneos iphonesimulator";
				SUPPORTS_MACCATALYST = NO;
				SWIFT_EMIT_LOC_STRINGS = NO;
				SWIFT_VERSION = 5.0;
				TARGETED_DEVICE_FAMILY = 1;
				TEST_HOST = "$(BUILT_PRODUCTS_DIR)/PHTrains.app/$(BUNDLE_EXECUTABLE_FOLDER_PATH)/PHTrains";
			};
			name = Release;
		};
		EBF548A72BC26C8C005DE662 /* Debug */ = {
			isa = XCBuildConfiguration;
			buildSettings = {
				ALWAYS_EMBED_SWIFT_STANDARD_LIBRARIES = YES;
				CODE_SIGN_STYLE = Automatic;
				CURRENT_PROJECT_VERSION = 1;
				DEVELOPMENT_TEAM = Z5GZDZZ4KP;
				GENERATE_INFOPLIST_FILE = YES;
				IPHONEOS_DEPLOYMENT_TARGET = 15.3;
				MACOSX_DEPLOYMENT_TARGET = 14.3;
				MARKETING_VERSION = 1.0;
				PRODUCT_BUNDLE_IDENTIFIER = com.johnphilliplee.PHTrainsUITests;
				PRODUCT_NAME = "$(TARGET_NAME)";
				SDKROOT = auto;
				SUPPORTED_PLATFORMS = "iphoneos iphonesimulator";
				SUPPORTS_MACCATALYST = NO;
				SWIFT_EMIT_LOC_STRINGS = NO;
				SWIFT_VERSION = 5.0;
				TARGETED_DEVICE_FAMILY = 1;
				TEST_TARGET_NAME = PHTrains;
			};
			name = Debug;
		};
		EBF548A82BC26C8C005DE662 /* Release */ = {
			isa = XCBuildConfiguration;
			buildSettings = {
				ALWAYS_EMBED_SWIFT_STANDARD_LIBRARIES = YES;
				CODE_SIGN_STYLE = Automatic;
				CURRENT_PROJECT_VERSION = 1;
				DEVELOPMENT_TEAM = Z5GZDZZ4KP;
				GENERATE_INFOPLIST_FILE = YES;
				IPHONEOS_DEPLOYMENT_TARGET = 15.3;
				MACOSX_DEPLOYMENT_TARGET = 14.3;
				MARKETING_VERSION = 1.0;
				PRODUCT_BUNDLE_IDENTIFIER = com.johnphilliplee.PHTrainsUITests;
				PRODUCT_NAME = "$(TARGET_NAME)";
				SDKROOT = auto;
				SUPPORTED_PLATFORMS = "iphoneos iphonesimulator";
				SUPPORTS_MACCATALYST = NO;
				SWIFT_EMIT_LOC_STRINGS = NO;
				SWIFT_VERSION = 5.0;
				TARGETED_DEVICE_FAMILY = 1;
				TEST_TARGET_NAME = PHTrains;
			};
			name = Release;
		};
/* End XCBuildConfiguration section */

/* Begin XCConfigurationList section */
		EBF548762BC26C8A005DE662 /* Build configuration list for PBXProject "PHTrains" */ = {
			isa = XCConfigurationList;
			buildConfigurations = (
				EBF5489E2BC26C8C005DE662 /* Debug */,
				EBF5489F2BC26C8C005DE662 /* Release */,
			);
			defaultConfigurationIsVisible = 0;
			defaultConfigurationName = Release;
		};
		EBF548A02BC26C8C005DE662 /* Build configuration list for PBXNativeTarget "PHTrains" */ = {
			isa = XCConfigurationList;
			buildConfigurations = (
				EBF548A12BC26C8C005DE662 /* Debug */,
				EBF548A22BC26C8C005DE662 /* Release */,
			);
			defaultConfigurationIsVisible = 0;
			defaultConfigurationName = Release;
		};
		EBF548A32BC26C8C005DE662 /* Build configuration list for PBXNativeTarget "PHTrainsTests" */ = {
			isa = XCConfigurationList;
			buildConfigurations = (
				EBF548A42BC26C8C005DE662 /* Debug */,
				EBF548A52BC26C8C005DE662 /* Release */,
			);
			defaultConfigurationIsVisible = 0;
			defaultConfigurationName = Release;
		};
		EBF548A62BC26C8C005DE662 /* Build configuration list for PBXNativeTarget "PHTrainsUITests" */ = {
			isa = XCConfigurationList;
			buildConfigurations = (
				EBF548A72BC26C8C005DE662 /* Debug */,
				EBF548A82BC26C8C005DE662 /* Release */,
			);
			defaultConfigurationIsVisible = 0;
			defaultConfigurationName = Release;
		};
/* End XCConfigurationList section */
	};
	rootObject = EBF548732BC26C8A005DE662 /* Project object */;
}
